
Microsoft Visual Studio Solution File, Format Version 12.00
# Visual Studio Version 16
VisualStudioVersion = 16.0.29728.190
MinimumVisualStudioVersion = 10.0.40219.1
Project("{FAE04EC0-301F-11D3-BF4B-00C04F79EFBC}") = "DataTier", "DataTier\DataTier.csproj", "{3DE39007-C631-498F-BEA4-75247ED522EE}"
EndProject
Project("{FAE04EC0-301F-11D3-BF4B-00C04F79EFBC}") = "API", "API\API.csproj", "{FE36A3E1-B980-42F3-9E66-59F33BDFD419}"
EndProject
Global
	GlobalSection(SolutionConfigurationPlatforms) = preSolution
		Debug|Any CPU = Debug|Any CPU
		Release|Any CPU = Release|Any CPU
	EndGlobalSection
	GlobalSection(ProjectConfigurationPlatforms) = postSolution
		{3DE39007-C631-498F-BEA4-75247ED522EE}.Debug|Any CPU.ActiveCfg = Debug|Any CPU
		{3DE39007-C631-498F-BEA4-75247ED522EE}.Debug|Any CPU.Build.0 = Debug|Any CPU
		{3DE39007-C631-498F-BEA4-75247ED522EE}.Release|Any CPU.ActiveCfg = Release|Any CPU
		{3DE39007-C631-498F-BEA4-75247ED522EE}.Release|Any CPU.Build.0 = Release|Any CPU
		{FE36A3E1-B980-42F3-9E66-59F33BDFD419}.Debug|Any CPU.ActiveCfg = Debug|Any CPU
		{FE36A3E1-B980-42F3-9E66-59F33BDFD419}.Debug|Any CPU.Build.0 = Debug|Any CPU
		{FE36A3E1-B980-42F3-9E66-59F33BDFD419}.Release|Any CPU.ActiveCfg = Release|Any CPU
		{FE36A3E1-B980-42F3-9E66-59F33BDFD419}.Release|Any CPU.Build.0 = Release|Any CPU
	EndGlobalSection
	GlobalSection(SolutionProperties) = preSolution
		HideSolutionNode = FALSE
	EndGlobalSection
	GlobalSection(ExtensibilityGlobals) = postSolution
		SolutionGuid = {32378D63-D458-4B0C-BD1C-F4320024038F}
	EndGlobalSection
EndGlobal
